
Microsoft Visual Studio Solution File, Format Version 12.00
# Visual Studio Version 16
VisualStudioVersion = 16.0.29519.87
MinimumVisualStudioVersion = 10.0.40219.1
Project("{FAE04EC0-301F-11D3-BF4B-00C04F79EFBC}") = "PhanMemXuong", "PhanMemXuong\PhanMemXuong.csproj", "{4C3E4C01-B690-4045-971D-F9B288DA4D0D}"
EndProject
Global
	GlobalSection(SolutionConfigurationPlatforms) = preSolution
		Debug|Any CPU = Debug|Any CPU
		Release|Any CPU = Release|Any CPU
	EndGlobalSection
	GlobalSection(ProjectConfigurationPlatforms) = postSolution
		{4C3E4C01-B690-4045-971D-F9B288DA4D0D}.Debug|Any CPU.ActiveCfg = Debug|Any CPU
		{4C3E4C01-B690-4045-971D-F9B288DA4D0D}.Debug|Any CPU.Build.0 = Debug|Any CPU
		{4C3E4C01-B690-4045-971D-F9B288DA4D0D}.Release|Any CPU.ActiveCfg = Release|Any CPU
		{4C3E4C01-B690-4045-971D-F9B288DA4D0D}.Release|Any CPU.Build.0 = Release|Any CPU
	EndGlobalSection
	GlobalSection(SolutionProperties) = preSolution
		HideSolutionNode = FALSE
	EndGlobalSection
	GlobalSection(ExtensibilityGlobals) = postSolution
		SolutionGuid = {83A8F7C2-B529-4F7D-BC31-8EF5E64C842E}
	EndGlobalSection
EndGlobal
